
Microsoft Visual Studio Solution File, Format Version 12.00
# Visual Studio Version 17
VisualStudioVersion = 17.0.31903.59
MinimumVisualStudioVersion = 10.0.40219.1
Project("{FAE04EC0-301F-11D3-BF4B-00C04F79EFBC}") = "CodeFirstApi", "CodeFirstApi.csproj", "{F5BDD03E-1927-4D87-9129-85F3B7580A8C}"
EndProject
Project("{FAE04EC0-301F-11D3-BF4B-00C04F79EFBC}") = "DB", "..\DB\DB.csproj", "{172BC8D9-6AD3-41DC-89E7-FD3C51F13FAD}"
EndProject
Global
	GlobalSection(SolutionConfigurationPlatforms) = preSolution
		Debug|Any CPU = Debug|Any CPU
		Release|Any CPU = Release|Any CPU
	EndGlobalSection
	GlobalSection(ProjectConfigurationPlatforms) = postSolution
		{F5BDD03E-1927-4D87-9129-85F3B7580A8C}.Debug|Any CPU.ActiveCfg = Debug|Any CPU
		{F5BDD03E-1927-4D87-9129-85F3B7580A8C}.Debug|Any CPU.Build.0 = Debug|Any CPU
		{F5BDD03E-1927-4D87-9129-85F3B7580A8C}.Release|Any CPU.ActiveCfg = Release|Any CPU
		{F5BDD03E-1927-4D87-9129-85F3B7580A8C}.Release|Any CPU.Build.0 = Release|Any CPU
		{172BC8D9-6AD3-41DC-89E7-FD3C51F13FAD}.Debug|Any CPU.ActiveCfg = Debug|Any CPU
		{172BC8D9-6AD3-41DC-89E7-FD3C51F13FAD}.Debug|Any CPU.Build.0 = Debug|Any CPU
		{172BC8D9-6AD3-41DC-89E7-FD3C51F13FAD}.Release|Any CPU.ActiveCfg = Release|Any CPU
		{172BC8D9-6AD3-41DC-89E7-FD3C51F13FAD}.Release|Any CPU.Build.0 = Release|Any CPU
	EndGlobalSection
	GlobalSection(SolutionProperties) = preSolution
		HideSolutionNode = FALSE
	EndGlobalSection
	GlobalSection(ExtensibilityGlobals) = postSolution
		SolutionGuid = {9B4B11CE-76E1-4915-8F8D-D657847BD9EE}
	EndGlobalSection
EndGlobal
